
Microsoft Visual Studio Solution File, Format Version 12.00
# Visual Studio Version 17
VisualStudioVersion = 17.5.002.0
MinimumVisualStudioVersion = 10.0.40219.1
Project("{2150E333-8FDC-42A3-9474-1A3956D46DE8}") = "csharp-prep", "csharp-prep", "{28E147FD-709F-4767-8F03-81299D1BA53A}"
EndProject
Project("{9A19103F-16F7-4668-BE54-9A1E7A4F7556}") = "Prep1", "csharp-prep\Prep1\Prep1.csproj", "{CDCAC00F-336C-4A2A-81FC-2BA5B3BF36AF}"
EndProject
Project("{9A19103F-16F7-4668-BE54-9A1E7A4F7556}") = "Prep2", "csharp-prep\Prep2\Prep2.csproj", "{7C642A2C-C3B8-4DD6-9A77-2E15D37F44A9}"
EndProject
Project("{9A19103F-16F7-4668-BE54-9A1E7A4F7556}") = "Prep3", "csharp-prep\Prep3\Prep3.csproj", "{218FBC7C-ED49-4185-9950-7E8ED017AE5D}"
EndProject
Project("{9A19103F-16F7-4668-BE54-9A1E7A4F7556}") = "Prep4", "csharp-prep\Prep4\Prep4.csproj", "{AC192074-5047-4623-B5A0-5BBF102661CA}"
EndProject
Project("{9A19103F-16F7-4668-BE54-9A1E7A4F7556}") = "Prep5", "csharp-prep\Prep5\Prep5.csproj", "{D67BD278-724D-4609-B156-CAF26840B5C0}"
EndProject
Project("{2150E333-8FDC-42A3-9474-1A3956D46DE8}") = "final", "final", "{7D3555CF-9FF2-4C78-A0E1-390266061724}"
EndProject
Project("{9A19103F-16F7-4668-BE54-9A1E7A4F7556}") = "FinalProject", "final\FinalProject\FinalProject.csproj", "{7F1C62A6-E264-44B0-8855-4999BC61B419}"
EndProject
Project("{9A19103F-16F7-4668-BE54-9A1E7A4F7556}") = "Foundation1", "final\Foundation1\Foundation1.csproj", "{0867692F-4B02-4791-9F3D-61958330370B}"
EndProject
Project("{9A19103F-16F7-4668-BE54-9A1E7A4F7556}") = "Foundation2", "final\Foundation2\Foundation2.csproj", "{A47A2579-98E3-4BB3-9A28-CAE7B8746399}"
EndProject
Project("{9A19103F-16F7-4668-BE54-9A1E7A4F7556}") = "Foundation3", "final\Foundation3\Foundation3.csproj", "{9C5FEA4D-1688-48D1-AC5C-53F872F5FD88}"
EndProject
Project("{9A19103F-16F7-4668-BE54-9A1E7A4F7556}") = "Foundation4", "final\Foundation4\Foundation4.csproj", "{CB9FC48A-366D-44DB-8785-CA971B1020E4}"
EndProject
Project("{2150E333-8FDC-42A3-9474-1A3956D46DE8}") = "prepare", "prepare", "{D46270FB-0C7A-4EBC-8EDF-46F92FD2AAE7}"
EndProject
Project("{9A19103F-16F7-4668-BE54-9A1E7A4F7556}") = "Learning02", "prepare\Learning02\Learning02.csproj", "{9F701D5C-9F04-46DF-832F-6D901A385055}"
EndProject
Project("{9A19103F-16F7-4668-BE54-9A1E7A4F7556}") = "Learning03", "prepare\Learning03\Learning03.csproj", "{7070FF56-13BF-453D-8B34-192848358FE4}"
EndProject
Project("{9A19103F-16F7-4668-BE54-9A1E7A4F7556}") = "Learning04", "prepare\Learning04\Learning04.csproj", "{0D8B9883-2454-44FE-9246-5392ADBA3E48}"
EndProject
Project("{9A19103F-16F7-4668-BE54-9A1E7A4F7556}") = "Learning05", "prepare\Learning05\Learning05.csproj", "{FD544D0D-B188-4C94-8D36-779501DF12B1}"
EndProject
Project("{2150E333-8FDC-42A3-9474-1A3956D46DE8}") = "prove", "prove", "{A74E2896-BB68-4B67-87CE-7BFC9DC5E1D4}"
EndProject
Project("{9A19103F-16F7-4668-BE54-9A1E7A4F7556}") = "Develop02", "prove\Develop02\Develop02.csproj", "{20D11B3B-CAEB-4767-AC79-D06C8FEACE35}"
EndProject
Project("{9A19103F-16F7-4668-BE54-9A1E7A4F7556}") = "Develop03", "prove\Develop03\Develop03.csproj", "{2E0B2932-28D9-43E9-988E-B0DB7081DB21}"
EndProject
Project("{9A19103F-16F7-4668-BE54-9A1E7A4F7556}") = "Develop04", "prove\Develop04\Develop04.csproj", "{14BD8B72-FDC4-49B5-AFDA-43CDAA94F160}"
EndProject
Project("{9A19103F-16F7-4668-BE54-9A1E7A4F7556}") = "Develop05", "prove\Develop05\Develop05.csproj", "{36A67BA9-D746-4BF0-85A3-6F6FF8F4F5F9}"
EndProject
Project("{2150E333-8FDC-42A3-9474-1A3956D46DE8}") = "sandbox", "sandbox", "{55A9A6A8-B865-41C1-A960-75795B83C086}"
EndProject
Project("{9A19103F-16F7-4668-BE54-9A1E7A4F7556}") = "Sandbox", "sandbox\Sandbox\Sandbox.csproj", "{5F1F2F4B-F07F-4CF3-82CE-365473A4518E}"
EndProject
Global
	GlobalSection(SolutionConfigurationPlatforms) = preSolution
		Debug|Any CPU = Debug|Any CPU
		Release|Any CPU = Release|Any CPU
	EndGlobalSection
	GlobalSection(ProjectConfigurationPlatforms) = postSolution
		{CDCAC00F-336C-4A2A-81FC-2BA5B3BF36AF}.Debug|Any CPU.ActiveCfg = Debug|Any CPU
		{CDCAC00F-336C-4A2A-81FC-2BA5B3BF36AF}.Debug|Any CPU.Build.0 = Debug|Any CPU
		{CDCAC00F-336C-4A2A-81FC-2BA5B3BF36AF}.Release|Any CPU.ActiveCfg = Release|Any CPU
		{CDCAC00F-336C-4A2A-81FC-2BA5B3BF36AF}.Release|Any CPU.Build.0 = Release|Any CPU
		{7C642A2C-C3B8-4DD6-9A77-2E15D37F44A9}.Debug|Any CPU.ActiveCfg = Debug|Any CPU
		{7C642A2C-C3B8-4DD6-9A77-2E15D37F44A9}.Debug|Any CPU.Build.0 = Debug|Any CPU
		{7C642A2C-C3B8-4DD6-9A77-2E15D37F44A9}.Release|Any CPU.ActiveCfg = Release|Any CPU
		{7C642A2C-C3B8-4DD6-9A77-2E15D37F44A9}.Release|Any CPU.Build.0 = Release|Any CPU
		{218FBC7C-ED49-4185-9950-7E8ED017AE5D}.Debug|Any CPU.ActiveCfg = Debug|Any CPU
		{218FBC7C-ED49-4185-9950-7E8ED017AE5D}.Debug|Any CPU.Build.0 = Debug|Any CPU
		{218FBC7C-ED49-4185-9950-7E8ED017AE5D}.Release|Any CPU.ActiveCfg = Release|Any CPU
		{218FBC7C-ED49-4185-9950-7E8ED017AE5D}.Release|Any CPU.Build.0 = Release|Any CPU
		{AC192074-5047-4623-B5A0-5BBF102661CA}.Debug|Any CPU.ActiveCfg = Debug|Any CPU
		{AC192074-5047-4623-B5A0-5BBF102661CA}.Debug|Any CPU.Build.0 = Debug|Any CPU
		{AC192074-5047-4623-B5A0-5BBF102661CA}.Release|Any CPU.ActiveCfg = Release|Any CPU
		{AC192074-5047-4623-B5A0-5BBF102661CA}.Release|Any CPU.Build.0 = Release|Any CPU
		{D67BD278-724D-4609-B156-CAF26840B5C0}.Debug|Any CPU.ActiveCfg = Debug|Any CPU
		{D67BD278-724D-4609-B156-CAF26840B5C0}.Debug|Any CPU.Build.0 = Debug|Any CPU
		{D67BD278-724D-4609-B156-CAF26840B5C0}.Release|Any CPU.ActiveCfg = Release|Any CPU
		{D67BD278-724D-4609-B156-CAF26840B5C0}.Release|Any CPU.Build.0 = Release|Any CPU
		{7F1C62A6-E264-44B0-8855-4999BC61B419}.Debug|Any CPU.ActiveCfg = Debug|Any CPU
		{7F1C62A6-E264-44B0-8855-4999BC61B419}.Debug|Any CPU.Build.0 = Debug|Any CPU
		{7F1C62A6-E264-44B0-8855-4999BC61B419}.Release|Any CPU.ActiveCfg = Release|Any CPU
		{7F1C62A6-E264-44B0-8855-4999BC61B419}.Release|Any CPU.Build.0 = Release|Any CPU
		{0867692F-4B02-4791-9F3D-61958330370B}.Debug|Any CPU.ActiveCfg = Debug|Any CPU
		{0867692F-4B02-4791-9F3D-61958330370B}.Debug|Any CPU.Build.0 = Debug|Any CPU
		{0867692F-4B02-4791-9F3D-61958330370B}.Release|Any CPU.ActiveCfg = Release|Any CPU
		{0867692F-4B02-4791-9F3D-61958330370B}.Release|Any CPU.Build.0 = Release|Any CPU
		{A47A2579-98E3-4BB3-9A28-CAE7B8746399}.Debug|Any CPU.ActiveCfg = Debug|Any CPU
		{A47A2579-98E3-4BB3-9A28-CAE7B8746399}.Debug|Any CPU.Build.0 = Debug|Any CPU
		{A47A2579-98E3-4BB3-9A28-CAE7B8746399}.Release|Any CPU.ActiveCfg = Release|Any CPU
		{A47A2579-98E3-4BB3-9A28-CAE7B8746399}.Release|Any CPU.Build.0 = Release|Any CPU
		{9C5FEA4D-1688-48D1-AC5C-53F872F5FD88}.Debug|Any CPU.ActiveCfg = Debug|Any CPU
		{9C5FEA4D-1688-48D1-AC5C-53F872F5FD88}.Debug|Any CPU.Build.0 = Debug|Any CPU
		{9C5FEA4D-1688-48D1-AC5C-53F872F5FD88}.Release|Any CPU.ActiveCfg = Release|Any CPU
		{9C5FEA4D-1688-48D1-AC5C-53F872F5FD88}.Release|Any CPU.Build.0 = Release|Any CPU
		{CB9FC48A-366D-44DB-8785-CA971B1020E4}.Debug|Any CPU.ActiveCfg = Debug|Any CPU
		{CB9FC48A-366D-44DB-8785-CA971B1020E4}.Debug|Any CPU.Build.0 = Debug|Any CPU
		{CB9FC48A-366D-44DB-8785-CA971B1020E4}.Release|Any CPU.ActiveCfg = Release|Any CPU
		{CB9FC48A-366D-44DB-8785-CA971B1020E4}.Release|Any CPU.Build.0 = Release|Any CPU
		{9F701D5C-9F04-46DF-832F-6D901A385055}.Debug|Any CPU.ActiveCfg = Debug|Any CPU
		{9F701D5C-9F04-46DF-832F-6D901A385055}.Debug|Any CPU.Build.0 = Debug|Any CPU
		{9F701D5C-9F04-46DF-832F-6D901A385055}.Release|Any CPU.ActiveCfg = Release|Any CPU
		{9F701D5C-9F04-46DF-832F-6D901A385055}.Release|Any CPU.Build.0 = Release|Any CPU
		{7070FF56-13BF-453D-8B34-192848358FE4}.Debug|Any CPU.ActiveCfg = Debug|Any CPU
		{7070FF56-13BF-453D-8B34-192848358FE4}.Debug|Any CPU.Build.0 = Debug|Any CPU
		{7070FF56-13BF-453D-8B34-192848358FE4}.Release|Any CPU.ActiveCfg = Release|Any CPU
		{7070FF56-13BF-453D-8B34-192848358FE4}.Release|Any CPU.Build.0 = Release|Any CPU
		{0D8B9883-2454-44FE-9246-5392ADBA3E48}.Debug|Any CPU.ActiveCfg = Debug|Any CPU
		{0D8B9883-2454-44FE-9246-5392ADBA3E48}.Debug|Any CPU.Build.0 = Debug|Any CPU
		{0D8B9883-2454-44FE-9246-5392ADBA3E48}.Release|Any CPU.ActiveCfg = Release|Any CPU
		{0D8B9883-2454-44FE-9246-5392ADBA3E48}.Release|Any CPU.Build.0 = Release|Any CPU
		{FD544D0D-B188-4C94-8D36-779501DF12B1}.Debug|Any CPU.ActiveCfg = Debug|Any CPU
		{FD544D0D-B188-4C94-8D36-779501DF12B1}.Debug|Any CPU.Build.0 = Debug|Any CPU
		{FD544D0D-B188-4C94-8D36-779501DF12B1}.Release|Any CPU.ActiveCfg = Release|Any CPU
		{FD544D0D-B188-4C94-8D36-779501DF12B1}.Release|Any CPU.Build.0 = Release|Any CPU
		{20D11B3B-CAEB-4767-AC79-D06C8FEACE35}.Debug|Any CPU.ActiveCfg = Debug|Any CPU
		{20D11B3B-CAEB-4767-AC79-D06C8FEACE35}.Debug|Any CPU.Build.0 = Debug|Any CPU
		{20D11B3B-CAEB-4767-AC79-D06C8FEACE35}.Release|Any CPU.ActiveCfg = Release|Any CPU
		{20D11B3B-CAEB-4767-AC79-D06C8FEACE35}.Release|Any CPU.Build.0 = Release|Any CPU
		{2E0B2932-28D9-43E9-988E-B0DB7081DB21}.Debug|Any CPU.ActiveCfg = Debug|Any CPU
		{2E0B2932-28D9-43E9-988E-B0DB7081DB21}.Debug|Any CPU.Build.0 = Debug|Any CPU
		{2E0B2932-28D9-43E9-988E-B0DB7081DB21}.Release|Any CPU.ActiveCfg = Release|Any CPU
		{2E0B2932-28D9-43E9-988E-B0DB7081DB21}.Release|Any CPU.Build.0 = Release|Any CPU
		{14BD8B72-FDC4-49B5-AFDA-43CDAA94F160}.Debug|Any CPU.ActiveCfg = Debug|Any CPU
		{14BD8B72-FDC4-49B5-AFDA-43CDAA94F160}.Debug|Any CPU.Build.0 = Debug|Any CPU
		{14BD8B72-FDC4-49B5-AFDA-43CDAA94F160}.Release|Any CPU.ActiveCfg = Release|Any CPU
		{14BD8B72-FDC4-49B5-AFDA-43CDAA94F160}.Release|Any CPU.Build.0 = Release|Any CPU
		{36A67BA9-D746-4BF0-85A3-6F6FF8F4F5F9}.Debug|Any CPU.ActiveCfg = Debug|Any CPU
		{36A67BA9-D746-4BF0-85A3-6F6FF8F4F5F9}.Debug|Any CPU.Build.0 = Debug|Any CPU
		{36A67BA9-D746-4BF0-85A3-6F6FF8F4F5F9}.Release|Any CPU.ActiveCfg = Release|Any CPU
		{36A67BA9-D746-4BF0-85A3-6F6FF8F4F5F9}.Release|Any CPU.Build.0 = Release|Any CPU
		{5F1F2F4B-F07F-4CF3-82CE-365473A4518E}.Debug|Any CPU.ActiveCfg = Debug|Any CPU
		{5F1F2F4B-F07F-4CF3-82CE-365473A4518E}.Debug|Any CPU.Build.0 = Debug|Any CPU
		{5F1F2F4B-F07F-4CF3-82CE-365473A4518E}.Release|Any CPU.ActiveCfg = Release|Any CPU
		{5F1F2F4B-F07F-4CF3-82CE-365473A4518E}.Release|Any CPU.Build.0 = Release|Any CPU
	EndGlobalSection
	GlobalSection(SolutionProperties) = preSolution
		HideSolutionNode = FALSE
	EndGlobalSection
	GlobalSection(NestedProjects) = preSolution
		{CDCAC00F-336C-4A2A-81FC-2BA5B3BF36AF} = {28E147FD-709F-4767-8F03-81299D1BA53A}
		{7C642A2C-C3B8-4DD6-9A77-2E15D37F44A9} = {28E147FD-709F-4767-8F03-81299D1BA53A}
		{218FBC7C-ED49-4185-9950-7E8ED017AE5D} = {28E147FD-709F-4767-8F03-81299D1BA53A}
		{AC192074-5047-4623-B5A0-5BBF102661CA} = {28E147FD-709F-4767-8F03-81299D1BA53A}
		{D67BD278-724D-4609-B156-CAF26840B5C0} = {28E147FD-709F-4767-8F03-81299D1BA53A}
		{7F1C62A6-E264-44B0-8855-4999BC61B419} = {7D3555CF-9FF2-4C78-A0E1-390266061724}
		{0867692F-4B02-4791-9F3D-61958330370B} = {7D3555CF-9FF2-4C78-A0E1-390266061724}
		{A47A2579-98E3-4BB3-9A28-CAE7B8746399} = {7D3555CF-9FF2-4C78-A0E1-390266061724}
		{9C5FEA4D-1688-48D1-AC5C-53F872F5FD88} = {7D3555CF-9FF2-4C78-A0E1-390266061724}
		{CB9FC48A-366D-44DB-8785-CA971B1020E4} = {7D3555CF-9FF2-4C78-A0E1-390266061724}
		{9F701D5C-9F04-46DF-832F-6D901A385055} = {D46270FB-0C7A-4EBC-8EDF-46F92FD2AAE7}
		{7070FF56-13BF-453D-8B34-192848358FE4} = {D46270FB-0C7A-4EBC-8EDF-46F92FD2AAE7}
		{0D8B9883-2454-44FE-9246-5392ADBA3E48} = {D46270FB-0C7A-4EBC-8EDF-46F92FD2AAE7}
		{FD544D0D-B188-4C94-8D36-779501DF12B1} = {D46270FB-0C7A-4EBC-8EDF-46F92FD2AAE7}
		{20D11B3B-CAEB-4767-AC79-D06C8FEACE35} = {A74E2896-BB68-4B67-87CE-7BFC9DC5E1D4}
		{2E0B2932-28D9-43E9-988E-B0DB7081DB21} = {A74E2896-BB68-4B67-87CE-7BFC9DC5E1D4}
		{14BD8B72-FDC4-49B5-AFDA-43CDAA94F160} = {A74E2896-BB68-4B67-87CE-7BFC9DC5E1D4}
		{36A67BA9-D746-4BF0-85A3-6F6FF8F4F5F9} = {A74E2896-BB68-4B67-87CE-7BFC9DC5E1D4}
		{5F1F2F4B-F07F-4CF3-82CE-365473A4518E} = {55A9A6A8-B865-41C1-A960-75795B83C086}
	EndGlobalSection
	GlobalSection(ExtensibilityGlobals) = postSolution
		SolutionGuid = {5D4235EE-B131-43D4-838F-78A8F282BF97}
	EndGlobalSection
EndGlobal
